
Microsoft Visual Studio Solution File, Format Version 12.00
# Visual Studio Version 16
VisualStudioVersion = 16.0.30717.126
MinimumVisualStudioVersion = 10.0.40219.1
Project("{FAE04EC0-301F-11D3-BF4B-00C04F79EFBC}") = "Cunstruct_Web_Db", "Cunstruct_Web_Db\Cunstruct_Web_Db.csproj", "{BCDB2674-6B98-48D7-90A5-66562D2AC283}"
EndProject
Global
	GlobalSection(SolutionConfigurationPlatforms) = preSolution
		Debug|Any CPU = Debug|Any CPU
		Release|Any CPU = Release|Any CPU
	EndGlobalSection
	GlobalSection(ProjectConfigurationPlatforms) = postSolution
		{BCDB2674-6B98-48D7-90A5-66562D2AC283}.Debug|Any CPU.ActiveCfg = Debug|Any CPU
		{BCDB2674-6B98-48D7-90A5-66562D2AC283}.Debug|Any CPU.Build.0 = Debug|Any CPU
		{BCDB2674-6B98-48D7-90A5-66562D2AC283}.Release|Any CPU.ActiveCfg = Release|Any CPU
		{BCDB2674-6B98-48D7-90A5-66562D2AC283}.Release|Any CPU.Build.0 = Release|Any CPU
	EndGlobalSection
	GlobalSection(SolutionProperties) = preSolution
		HideSolutionNode = FALSE
	EndGlobalSection
	GlobalSection(ExtensibilityGlobals) = postSolution
		SolutionGuid = {82E4809A-B2CD-46EB-9CF7-333AF8B91C35}
	EndGlobalSection
EndGlobal
